
Microsoft Visual Studio Solution File, Format Version 12.00
# Visual Studio Version 16
VisualStudioVersion = 16.0.31702.278
MinimumVisualStudioVersion = 10.0.40219.1
Project("{FAE04EC0-301F-11D3-BF4B-00C04F79EFBC}") = "diseño", "diseño\diseño.csproj", "{9187470C-65B9-46B1-B2B4-52142FC18AFA}"
EndProject
Project("{54435603-DBB4-11D2-8724-00A0C9A8B90C}") = "SysInfo", "SysInfo\SysInfo.vdproj", "{B75212D0-328A-4066-A5A1-4EB84DF30DE9}"
EndProject
Global
	GlobalSection(SolutionConfigurationPlatforms) = preSolution
		Debug|Any CPU = Debug|Any CPU
		Release|Any CPU = Release|Any CPU
	EndGlobalSection
	GlobalSection(ProjectConfigurationPlatforms) = postSolution
		{9187470C-65B9-46B1-B2B4-52142FC18AFA}.Debug|Any CPU.ActiveCfg = Debug|Any CPU
		{9187470C-65B9-46B1-B2B4-52142FC18AFA}.Debug|Any CPU.Build.0 = Debug|Any CPU
		{9187470C-65B9-46B1-B2B4-52142FC18AFA}.Release|Any CPU.ActiveCfg = Release|Any CPU
		{9187470C-65B9-46B1-B2B4-52142FC18AFA}.Release|Any CPU.Build.0 = Release|Any CPU
		{B75212D0-328A-4066-A5A1-4EB84DF30DE9}.Debug|Any CPU.ActiveCfg = Debug
		{B75212D0-328A-4066-A5A1-4EB84DF30DE9}.Release|Any CPU.ActiveCfg = Release
	EndGlobalSection
	GlobalSection(SolutionProperties) = preSolution
		HideSolutionNode = FALSE
	EndGlobalSection
	GlobalSection(ExtensibilityGlobals) = postSolution
		SolutionGuid = {5021B082-3C29-4298-8D32-430748F8FFCB}
	EndGlobalSection
EndGlobal
